
Microsoft Visual Studio Solution File, Format Version 12.00
# Visual Studio Version 16
VisualStudioVersion = 16.0.28803.202
MinimumVisualStudioVersion = 10.0.40219.1
Project("{FAE04EC0-301F-11D3-BF4B-00C04F79EFBC}") = "EightBallEx", "WPF0528\EightBallEx.csproj", "{71562B3C-BA63-4034-9716-7A8F6CBB4F53}"
EndProject
Project("{FAE04EC0-301F-11D3-BF4B-00C04F79EFBC}") = "Ex", "Ex\Ex.csproj", "{CDE7AA08-552D-4A38-A5CC-E2D39555B08E}"
EndProject
Global
	GlobalSection(SolutionConfigurationPlatforms) = preSolution
		Debug|Any CPU = Debug|Any CPU
		Release|Any CPU = Release|Any CPU
	EndGlobalSection
	GlobalSection(ProjectConfigurationPlatforms) = postSolution
		{71562B3C-BA63-4034-9716-7A8F6CBB4F53}.Debug|Any CPU.ActiveCfg = Debug|Any CPU
		{71562B3C-BA63-4034-9716-7A8F6CBB4F53}.Debug|Any CPU.Build.0 = Debug|Any CPU
		{71562B3C-BA63-4034-9716-7A8F6CBB4F53}.Release|Any CPU.ActiveCfg = Release|Any CPU
		{71562B3C-BA63-4034-9716-7A8F6CBB4F53}.Release|Any CPU.Build.0 = Release|Any CPU
		{CDE7AA08-552D-4A38-A5CC-E2D39555B08E}.Debug|Any CPU.ActiveCfg = Debug|Any CPU
		{CDE7AA08-552D-4A38-A5CC-E2D39555B08E}.Debug|Any CPU.Build.0 = Debug|Any CPU
		{CDE7AA08-552D-4A38-A5CC-E2D39555B08E}.Release|Any CPU.ActiveCfg = Release|Any CPU
		{CDE7AA08-552D-4A38-A5CC-E2D39555B08E}.Release|Any CPU.Build.0 = Release|Any CPU
	EndGlobalSection
	GlobalSection(SolutionProperties) = preSolution
		HideSolutionNode = FALSE
	EndGlobalSection
	GlobalSection(ExtensibilityGlobals) = postSolution
		SolutionGuid = {AB5C4154-274E-4DED-9F5C-076F233BFA99}
	EndGlobalSection
EndGlobal
